<Solution>
  <Project Path="AssumptionChecker.Cli/AssumptionChecker.Cli.csproj" Id="e7f0035c-86a1-433d-9149-389bb799ce8a" />
  <Project Path="AssumptionChecker.Contracts/AssumptionChecker.Contracts.csproj" />
  <Project Path="AssumptionChecker.Engine/AssumptionChecker.Engine.csproj" Id="df81c907-c9f1-4f23-9014-2398bb918d49" />
</Solution>
