Microsoft Visual Studio Solution File, Format Version 12.00
# Visual Studio Version 17
VisualStudioVersion = 17.5.2.0
MinimumVisualStudioVersion = 10.0.40219.1
Project("{FAE04EC0-301F-11D3-BF4B-00C04F79EFBC}") = "AssumptionChecker.Cli", "AssumptionChecker.Cli\AssumptionChecker.Cli.csproj", "{565DD5A4-75A4-9F22-8299-C7998EBAB595}"
EndProject
Project("{FAE04EC0-301F-11D3-BF4B-00C04F79EFBC}") = "AssumptionChecker.Contracts", "AssumptionChecker.Contracts\AssumptionChecker.Contracts.csproj", "{FEA043A0-D8DE-3D40-73F8-8FB013BEC98A}"
EndProject
Project("{FAE04EC0-301F-11D3-BF4B-00C04F79EFBC}") = "AssumptionChecker.Core", "AssumptionChecker.Core\AssumptionChecker.Core.csproj", "{18B4DAC7-3B95-D3A6-0FBC-5C6F4CFE2038}"
EndProject
Project("{FAE04EC0-301F-11D3-BF4B-00C04F79EFBC}") = "AssumptionChecker.Engine", "AssumptionChecker.Engine\AssumptionChecker.Engine.csproj", "{C04B5B97-148F-128B-2821-1C1E848D0EFC}"
EndProject
Project("{FAE04EC0-301F-11D3-BF4B-00C04F79EFBC}") = "AssumptionChecker.Tests", "AssumptionChecker.Tests\AssumptionChecker.Tests.csproj", "{29345548-74CA-C6D0-990D-7456627EC914}"
EndProject
Project("{FAE04EC0-301F-11D3-BF4B-00C04F79EFBC}") = "AssumptionChecker.VsExtension", "AssumptionChecker.VsExtension\AssumptionChecker.VsExtension.csproj", "{77858742-8D90-3ACE-CA95-AB026F9A7CCE}"
EndProject
Project("{FAE04EC0-301F-11D3-BF4B-00C04F79EFBC}") = "AssumptionChecker.WPFApp", "AssumptionChecker.WPFApp\AssumptionChecker.WPFApp.csproj", "{428E3FE5-B61E-F75E-309A-944319AB471F}"
EndProject
Project("{FAE04EC0-301F-11D3-BF4B-00C04F79EFBC}") = "AssumptionChecker.Installer", "AssumptionChecker.Installer\AssumptionChecker.Installer.wixproj", "{E7A1B2C3-D4E5-46F7-8A9B-0C1D2E3F4A5B}"
EndProject
Global
	GlobalSection(SolutionConfigurationPlatforms) = preSolution
		Debug|Any CPU = Debug|Any CPU
		Release|Any CPU = Release|Any CPU
	EndGlobalSection
	GlobalSection(ProjectConfigurationPlatforms) = postSolution
		{565DD5A4-75A4-9F22-8299-C7998EBAB595}.Debug|Any CPU.ActiveCfg = Debug|Any CPU
		{565DD5A4-75A4-9F22-8299-C7998EBAB595}.Debug|Any CPU.Build.0 = Debug|Any CPU
		{565DD5A4-75A4-9F22-8299-C7998EBAB595}.Release|Any CPU.ActiveCfg = Release|Any CPU
		{565DD5A4-75A4-9F22-8299-C7998EBAB595}.Release|Any CPU.Build.0 = Release|Any CPU
		{FEA043A0-D8DE-3D40-73F8-8FB013BEC98A}.Debug|Any CPU.ActiveCfg = Debug|Any CPU
		{FEA043A0-D8DE-3D40-73F8-8FB013BEC98A}.Debug|Any CPU.Build.0 = Debug|Any CPU
		{FEA043A0-D8DE-3D40-73F8-8FB013BEC98A}.Release|Any CPU.ActiveCfg = Release|Any CPU
		{FEA043A0-D8DE-3D40-73F8-8FB013BEC98A}.Release|Any CPU.Build.0 = Release|Any CPU
		{18B4DAC7-3B95-D3A6-0FBC-5C6F4CFE2038}.Debug|Any CPU.ActiveCfg = Debug|Any CPU
		{18B4DAC7-3B95-D3A6-0FBC-5C6F4CFE2038}.Debug|Any CPU.Build.0 = Debug|Any CPU
		{18B4DAC7-3B95-D3A6-0FBC-5C6F4CFE2038}.Release|Any CPU.ActiveCfg = Release|Any CPU
		{18B4DAC7-3B95-D3A6-0FBC-5C6F4CFE2038}.Release|Any CPU.Build.0 = Release|Any CPU
		{C04B5B97-148F-128B-2821-1C1E848D0EFC}.Debug|Any CPU.ActiveCfg = Debug|Any CPU
		{C04B5B97-148F-128B-2821-1C1E848D0EFC}.Debug|Any CPU.Build.0 = Debug|Any CPU
		{C04B5B97-148F-128B-2821-1C1E848D0EFC}.Release|Any CPU.ActiveCfg = Release|Any CPU
		{C04B5B97-148F-128B-2821-1C1E848D0EFC}.Release|Any CPU.Build.0 = Release|Any CPU
		{29345548-74CA-C6D0-990D-7456627EC914}.Debug|Any CPU.ActiveCfg = Debug|Any CPU
		{29345548-74CA-C6D0-990D-7456627EC914}.Debug|Any CPU.Build.0 = Debug|Any CPU
		{29345548-74CA-C6D0-990D-7456627EC914}.Release|Any CPU.ActiveCfg = Release|Any CPU
		{29345548-74CA-C6D0-990D-7456627EC914}.Release|Any CPU.Build.0 = Release|Any CPU
		{77858742-8D90-3ACE-CA95-AB026F9A7CCE}.Debug|Any CPU.ActiveCfg = Debug|Any CPU
		{77858742-8D90-3ACE-CA95-AB026F9A7CCE}.Debug|Any CPU.Build.0 = Debug|Any CPU
		{77858742-8D90-3ACE-CA95-AB026F9A7CCE}.Release|Any CPU.ActiveCfg = Release|Any CPU
		{77858742-8D90-3ACE-CA95-AB026F9A7CCE}.Release|Any CPU.Build.0 = Release|Any CPU
		{428E3FE5-B61E-F75E-309A-944319AB471F}.Debug|Any CPU.ActiveCfg = Debug|Any CPU
		{428E3FE5-B61E-F75E-309A-944319AB471F}.Debug|Any CPU.Build.0 = Debug|Any CPU
		{428E3FE5-B61E-F75E-309A-944319AB471F}.Release|Any CPU.ActiveCfg = Release|Any CPU
		{428E3FE5-B61E-F75E-309A-944319AB471F}.Release|Any CPU.Build.0 = Release|Any CPU
		{E7A1B2C3-D4E5-46F7-8A9B-0C1D2E3F4A5B}.Debug|Any CPU.ActiveCfg = Debug|Any CPU
		{E7A1B2C3-D4E5-46F7-8A9B-0C1D2E3F4A5B}.Release|Any CPU.ActiveCfg = Release|Any CPU
		{E7A1B2C3-D4E5-46F7-8A9B-0C1D2E3F4A5B}.Release|Any CPU.Build.0 = Release|Any CPU
	EndGlobalSection
	GlobalSection(SolutionProperties) = preSolution
		HideSolutionNode = FALSE
	EndGlobalSection
	GlobalSection(ExtensibilityGlobals) = postSolution
		SolutionGuid = {90BD0B2A-8D88-425C-BD43-806D7BB1EC84}
	EndGlobalSection
EndGlobal
